
Microsoft Visual Studio Solution File, Format Version 12.00
# Visual Studio Version 17
VisualStudioVersion = 17.7.34031.279
MinimumVisualStudioVersion = 10.0.40219.1
Project("{FAE04EC0-301F-11D3-BF4B-00C04F79EFBC}") = "Batteries", "Batteries.csproj", "{34B44D52-80CB-47D9-A840-C4AB27175D25}"
EndProject
Global
	GlobalSection(SolutionConfigurationPlatforms) = preSolution
		Debug|Any CPU = Debug|Any CPU
		Release|Any CPU = Release|Any CPU
	EndGlobalSection
	GlobalSection(ProjectConfigurationPlatforms) = postSolution
		{34B44D52-80CB-47D9-A840-C4AB27175D25}.Debug|Any CPU.ActiveCfg = Debug|Any CPU
		{34B44D52-80CB-47D9-A840-C4AB27175D25}.Debug|Any CPU.Build.0 = Debug|Any CPU
		{34B44D52-80CB-47D9-A840-C4AB27175D25}.Release|Any CPU.ActiveCfg = Release|Any CPU
		{34B44D52-80CB-47D9-A840-C4AB27175D25}.Release|Any CPU.Build.0 = Release|Any CPU
	EndGlobalSection
	GlobalSection(SolutionProperties) = preSolution
		HideSolutionNode = FALSE
	EndGlobalSection
	GlobalSection(ExtensibilityGlobals) = postSolution
		SolutionGuid = {DEC77741-3E63-4A5D-BEB8-399F20DCC013}
	EndGlobalSection
EndGlobal
